{
  "name": "web",
  "lockfileVersion": 2,
  "requires": true,
  "packages": {
    "": {
      "dependencies": {
        "noisejs": "^2.1.0"
      }
    },
    "node_modules/noisejs": {
      "version": "2.1.0",
      "resolved": "https://registry.npmjs.org/noisejs/-/noisejs-2.1.0.tgz",
      "integrity": "sha512-sw39KaUS2YBta6apZ0/H+nnCsUyxT/ZRxgv/HnDxx6pWO2e2nUmWgLhpOaQdlxxkFepIpxDrlXy3fHVx0S3SLg=="
    }
  },
  "dependencies": {
    "noisejs": {
      "version": "2.1.0",
      "resolved": "https://registry.npmjs.org/noisejs/-/noisejs-2.1.0.tgz",
      "integrity": "sha512-sw39KaUS2YBta6apZ0/H+nnCsUyxT/ZRxgv/HnDxx6pWO2e2nUmWgLhpOaQdlxxkFepIpxDrlXy3fHVx0S3SLg=="
    }
  }
}
